
Microsoft Visual Studio Solution File, Format Version 12.00
# Visual Studio 14
VisualStudioVersion = 14.0.25420.1
MinimumVisualStudioVersion = 10.0.40219.1
Project("{FAE04EC0-301F-11D3-BF4B-00C04F79EFBC}") = "KomplMVC", "KomplMVC\KomplMVC.csproj", "{CF52850B-6805-40EF-A933-18CD97501617}"
EndProject
Project("{FAE04EC0-301F-11D3-BF4B-00C04F79EFBC}") = "Komp.Data", "Komp.Data\Komp.Data.csproj", "{CA044E52-2A8A-419F-846D-54871864980D}"
EndProject
Global
	GlobalSection(SolutionConfigurationPlatforms) = preSolution
		Debug|Any CPU = Debug|Any CPU
		Release|Any CPU = Release|Any CPU
	EndGlobalSection
	GlobalSection(ProjectConfigurationPlatforms) = postSolution
		{CF52850B-6805-40EF-A933-18CD97501617}.Debug|Any CPU.ActiveCfg = Debug|Any CPU
		{CF52850B-6805-40EF-A933-18CD97501617}.Debug|Any CPU.Build.0 = Debug|Any CPU
		{CF52850B-6805-40EF-A933-18CD97501617}.Release|Any CPU.ActiveCfg = Release|Any CPU
		{CF52850B-6805-40EF-A933-18CD97501617}.Release|Any CPU.Build.0 = Release|Any CPU
		{CA044E52-2A8A-419F-846D-54871864980D}.Debug|Any CPU.ActiveCfg = Debug|Any CPU
		{CA044E52-2A8A-419F-846D-54871864980D}.Debug|Any CPU.Build.0 = Debug|Any CPU
		{CA044E52-2A8A-419F-846D-54871864980D}.Release|Any CPU.ActiveCfg = Release|Any CPU
		{CA044E52-2A8A-419F-846D-54871864980D}.Release|Any CPU.Build.0 = Release|Any CPU
	EndGlobalSection
	GlobalSection(SolutionProperties) = preSolution
		HideSolutionNode = FALSE
	EndGlobalSection
EndGlobal
